
Microsoft Visual Studio Solution File, Format Version 12.00
# Visual Studio Version 17
VisualStudioVersion = 17.7.34018.315
MinimumVisualStudioVersion = 10.0.40219.1
Project("{FAE04EC0-301F-11D3-BF4B-00C04F79EFBC}") = "YouTubeVideoDownload", "YouTubeVideoDownload\YouTubeVideoDownload.csproj", "{C563A63D-D362-47F5-A12F-9BB786DF1254}"
EndProject
Global
	GlobalSection(SolutionConfigurationPlatforms) = preSolution
		Debug|Any CPU = Debug|Any CPU
		Release|Any CPU = Release|Any CPU
	EndGlobalSection
	GlobalSection(ProjectConfigurationPlatforms) = postSolution
		{C563A63D-D362-47F5-A12F-9BB786DF1254}.Debug|Any CPU.ActiveCfg = Debug|Any CPU
		{C563A63D-D362-47F5-A12F-9BB786DF1254}.Debug|Any CPU.Build.0 = Debug|Any CPU
		{C563A63D-D362-47F5-A12F-9BB786DF1254}.Release|Any CPU.ActiveCfg = Release|Any CPU
		{C563A63D-D362-47F5-A12F-9BB786DF1254}.Release|Any CPU.Build.0 = Release|Any CPU
	EndGlobalSection
	GlobalSection(SolutionProperties) = preSolution
		HideSolutionNode = FALSE
	EndGlobalSection
	GlobalSection(ExtensibilityGlobals) = postSolution
		SolutionGuid = {413E335C-5481-4694-A556-E160BEBB82AC}
	EndGlobalSection
EndGlobal
